
Microsoft Visual Studio Solution File, Format Version 12.00
# Visual Studio 15
VisualStudioVersion = 15.0.27130.2027
MinimumVisualStudioVersion = 10.0.40219.1
Project("{FAE04EC0-301F-11D3-BF4B-00C04F79EFBC}") = "EllensBnB", "EllensBnB\EllensBnB.csproj", "{6174FF33-814F-4130-9EC2-187EF4F52982}"
EndProject
Global
	GlobalSection(SolutionConfigurationPlatforms) = preSolution
		Debug|Any CPU = Debug|Any CPU
		Release|Any CPU = Release|Any CPU
	EndGlobalSection
	GlobalSection(ProjectConfigurationPlatforms) = postSolution
		{6174FF33-814F-4130-9EC2-187EF4F52982}.Debug|Any CPU.ActiveCfg = Debug|Any CPU
		{6174FF33-814F-4130-9EC2-187EF4F52982}.Debug|Any CPU.Build.0 = Debug|Any CPU
		{6174FF33-814F-4130-9EC2-187EF4F52982}.Release|Any CPU.ActiveCfg = Release|Any CPU
		{6174FF33-814F-4130-9EC2-187EF4F52982}.Release|Any CPU.Build.0 = Release|Any CPU
	EndGlobalSection
	GlobalSection(SolutionProperties) = preSolution
		HideSolutionNode = FALSE
	EndGlobalSection
	GlobalSection(ExtensibilityGlobals) = postSolution
		SolutionGuid = {88BAC574-68AE-4E3F-B86D-30F007766FF7}
	EndGlobalSection
EndGlobal
